
Microsoft Visual Studio Solution File, Format Version 11.00
# Visual Studio 2010
Project("{FAE04EC0-301F-11D3-BF4B-00C04F79EFBC}") = "SearchBox", "SearchBox\SearchBox.csproj", "{92201C41-CE25-4389-BC53-F3222398BD08}"
EndProject
Project("{FAE04EC0-301F-11D3-BF4B-00C04F79EFBC}") = "ScreenResolutionDetector", "ScreenResolutionDetector\ScreenResolutionDetector.csproj", "{9A99A5F6-7726-4199-8504-C3472A742B56}"
EndProject
Project("{FAE04EC0-301F-11D3-BF4B-00C04F79EFBC}") = "SharedClasses", "SharedSampleModels\SharedClasses.csproj", "{C2B51170-46CB-47DF-BBC0-2890C26122C6}"
EndProject
Project("{FAE04EC0-301F-11D3-BF4B-00C04F79EFBC}") = "DragnDropPractice", "DragnDropPractice\DragnDropPractice.csproj", "{E17905C8-4089-491B-BF68-5F565EACC43B}"
EndProject
Project("{FAE04EC0-301F-11D3-BF4B-00C04F79EFBC}") = "AdornerSample", "AdornerSample\AdornerSample.csproj", "{398A20D2-454C-456C-83D2-50536402EFAC}"
EndProject
Project("{FAE04EC0-301F-11D3-BF4B-00C04F79EFBC}") = "DelegatesAndAnonymousMethodsPractice", "AnonymousFunctionsPractice\DelegatesAndAnonymousMethodsPractice.csproj", "{3DD98E72-AE5A-46BA-ACC5-1EA4E1E65730}"
EndProject
Project("{FAE04EC0-301F-11D3-BF4B-00C04F79EFBC}") = "UnderTestExample", "UnderTestExample\UnderTestExample.csproj", "{30EEA66F-CBD7-4C57-96EC-4EAB5F72E58D}"
EndProject
Global
	GlobalSection(SolutionConfigurationPlatforms) = preSolution
		Debug|Any CPU = Debug|Any CPU
		Debug|Mixed Platforms = Debug|Mixed Platforms
		Debug|x86 = Debug|x86
		Release|Any CPU = Release|Any CPU
		Release|Mixed Platforms = Release|Mixed Platforms
		Release|x86 = Release|x86
	EndGlobalSection
	GlobalSection(ProjectConfigurationPlatforms) = postSolution
		{92201C41-CE25-4389-BC53-F3222398BD08}.Debug|Any CPU.ActiveCfg = Debug|x86
		{92201C41-CE25-4389-BC53-F3222398BD08}.Debug|Mixed Platforms.ActiveCfg = Debug|x86
		{92201C41-CE25-4389-BC53-F3222398BD08}.Debug|Mixed Platforms.Build.0 = Debug|x86
		{92201C41-CE25-4389-BC53-F3222398BD08}.Debug|x86.ActiveCfg = Debug|x86
		{92201C41-CE25-4389-BC53-F3222398BD08}.Debug|x86.Build.0 = Debug|x86
		{92201C41-CE25-4389-BC53-F3222398BD08}.Release|Any CPU.ActiveCfg = Release|x86
		{92201C41-CE25-4389-BC53-F3222398BD08}.Release|Mixed Platforms.ActiveCfg = Release|x86
		{92201C41-CE25-4389-BC53-F3222398BD08}.Release|Mixed Platforms.Build.0 = Release|x86
		{92201C41-CE25-4389-BC53-F3222398BD08}.Release|x86.ActiveCfg = Release|x86
		{92201C41-CE25-4389-BC53-F3222398BD08}.Release|x86.Build.0 = Release|x86
		{9A99A5F6-7726-4199-8504-C3472A742B56}.Debug|Any CPU.ActiveCfg = Debug|x86
		{9A99A5F6-7726-4199-8504-C3472A742B56}.Debug|Mixed Platforms.ActiveCfg = Debug|x86
		{9A99A5F6-7726-4199-8504-C3472A742B56}.Debug|Mixed Platforms.Build.0 = Debug|x86
		{9A99A5F6-7726-4199-8504-C3472A742B56}.Debug|x86.ActiveCfg = Debug|x86
		{9A99A5F6-7726-4199-8504-C3472A742B56}.Debug|x86.Build.0 = Debug|x86
		{9A99A5F6-7726-4199-8504-C3472A742B56}.Release|Any CPU.ActiveCfg = Release|x86
		{9A99A5F6-7726-4199-8504-C3472A742B56}.Release|Mixed Platforms.ActiveCfg = Release|x86
		{9A99A5F6-7726-4199-8504-C3472A742B56}.Release|Mixed Platforms.Build.0 = Release|x86
		{9A99A5F6-7726-4199-8504-C3472A742B56}.Release|x86.ActiveCfg = Release|x86
		{9A99A5F6-7726-4199-8504-C3472A742B56}.Release|x86.Build.0 = Release|x86
		{C2B51170-46CB-47DF-BBC0-2890C26122C6}.Debug|Any CPU.ActiveCfg = Debug|Any CPU
		{C2B51170-46CB-47DF-BBC0-2890C26122C6}.Debug|Any CPU.Build.0 = Debug|Any CPU
		{C2B51170-46CB-47DF-BBC0-2890C26122C6}.Debug|Mixed Platforms.ActiveCfg = Debug|Any CPU
		{C2B51170-46CB-47DF-BBC0-2890C26122C6}.Debug|Mixed Platforms.Build.0 = Debug|Any CPU
		{C2B51170-46CB-47DF-BBC0-2890C26122C6}.Debug|x86.ActiveCfg = Debug|Any CPU
		{C2B51170-46CB-47DF-BBC0-2890C26122C6}.Release|Any CPU.ActiveCfg = Release|Any CPU
		{C2B51170-46CB-47DF-BBC0-2890C26122C6}.Release|Any CPU.Build.0 = Release|Any CPU
		{C2B51170-46CB-47DF-BBC0-2890C26122C6}.Release|Mixed Platforms.ActiveCfg = Release|Any CPU
		{C2B51170-46CB-47DF-BBC0-2890C26122C6}.Release|Mixed Platforms.Build.0 = Release|Any CPU
		{C2B51170-46CB-47DF-BBC0-2890C26122C6}.Release|x86.ActiveCfg = Release|Any CPU
		{E17905C8-4089-491B-BF68-5F565EACC43B}.Debug|Any CPU.ActiveCfg = Debug|x86
		{E17905C8-4089-491B-BF68-5F565EACC43B}.Debug|Mixed Platforms.ActiveCfg = Debug|x86
		{E17905C8-4089-491B-BF68-5F565EACC43B}.Debug|Mixed Platforms.Build.0 = Debug|x86
		{E17905C8-4089-491B-BF68-5F565EACC43B}.Debug|x86.ActiveCfg = Debug|x86
		{E17905C8-4089-491B-BF68-5F565EACC43B}.Debug|x86.Build.0 = Debug|x86
		{E17905C8-4089-491B-BF68-5F565EACC43B}.Release|Any CPU.ActiveCfg = Release|x86
		{E17905C8-4089-491B-BF68-5F565EACC43B}.Release|Mixed Platforms.ActiveCfg = Release|x86
		{E17905C8-4089-491B-BF68-5F565EACC43B}.Release|Mixed Platforms.Build.0 = Release|x86
		{E17905C8-4089-491B-BF68-5F565EACC43B}.Release|x86.ActiveCfg = Release|x86
		{E17905C8-4089-491B-BF68-5F565EACC43B}.Release|x86.Build.0 = Release|x86
		{398A20D2-454C-456C-83D2-50536402EFAC}.Debug|Any CPU.ActiveCfg = Debug|x86
		{398A20D2-454C-456C-83D2-50536402EFAC}.Debug|Mixed Platforms.ActiveCfg = Debug|x86
		{398A20D2-454C-456C-83D2-50536402EFAC}.Debug|Mixed Platforms.Build.0 = Debug|x86
		{398A20D2-454C-456C-83D2-50536402EFAC}.Debug|x86.ActiveCfg = Debug|x86
		{398A20D2-454C-456C-83D2-50536402EFAC}.Debug|x86.Build.0 = Debug|x86
		{398A20D2-454C-456C-83D2-50536402EFAC}.Release|Any CPU.ActiveCfg = Release|x86
		{398A20D2-454C-456C-83D2-50536402EFAC}.Release|Mixed Platforms.ActiveCfg = Release|x86
		{398A20D2-454C-456C-83D2-50536402EFAC}.Release|Mixed Platforms.Build.0 = Release|x86
		{398A20D2-454C-456C-83D2-50536402EFAC}.Release|x86.ActiveCfg = Release|x86
		{398A20D2-454C-456C-83D2-50536402EFAC}.Release|x86.Build.0 = Release|x86
		{3DD98E72-AE5A-46BA-ACC5-1EA4E1E65730}.Debug|Any CPU.ActiveCfg = Debug|x86
		{3DD98E72-AE5A-46BA-ACC5-1EA4E1E65730}.Debug|Mixed Platforms.ActiveCfg = Debug|x86
		{3DD98E72-AE5A-46BA-ACC5-1EA4E1E65730}.Debug|Mixed Platforms.Build.0 = Debug|x86
		{3DD98E72-AE5A-46BA-ACC5-1EA4E1E65730}.Debug|x86.ActiveCfg = Debug|x86
		{3DD98E72-AE5A-46BA-ACC5-1EA4E1E65730}.Debug|x86.Build.0 = Debug|x86
		{3DD98E72-AE5A-46BA-ACC5-1EA4E1E65730}.Release|Any CPU.ActiveCfg = Release|x86
		{3DD98E72-AE5A-46BA-ACC5-1EA4E1E65730}.Release|Mixed Platforms.ActiveCfg = Release|x86
		{3DD98E72-AE5A-46BA-ACC5-1EA4E1E65730}.Release|Mixed Platforms.Build.0 = Release|x86
		{3DD98E72-AE5A-46BA-ACC5-1EA4E1E65730}.Release|x86.ActiveCfg = Release|x86
		{3DD98E72-AE5A-46BA-ACC5-1EA4E1E65730}.Release|x86.Build.0 = Release|x86
		{30EEA66F-CBD7-4C57-96EC-4EAB5F72E58D}.Debug|Any CPU.ActiveCfg = Debug|x86
		{30EEA66F-CBD7-4C57-96EC-4EAB5F72E58D}.Debug|Mixed Platforms.ActiveCfg = Debug|x86
		{30EEA66F-CBD7-4C57-96EC-4EAB5F72E58D}.Debug|Mixed Platforms.Build.0 = Debug|x86
		{30EEA66F-CBD7-4C57-96EC-4EAB5F72E58D}.Debug|x86.ActiveCfg = Debug|x86
		{30EEA66F-CBD7-4C57-96EC-4EAB5F72E58D}.Debug|x86.Build.0 = Debug|x86
		{30EEA66F-CBD7-4C57-96EC-4EAB5F72E58D}.Release|Any CPU.ActiveCfg = Release|x86
		{30EEA66F-CBD7-4C57-96EC-4EAB5F72E58D}.Release|Mixed Platforms.ActiveCfg = Release|x86
		{30EEA66F-CBD7-4C57-96EC-4EAB5F72E58D}.Release|Mixed Platforms.Build.0 = Release|x86
		{30EEA66F-CBD7-4C57-96EC-4EAB5F72E58D}.Release|x86.ActiveCfg = Release|x86
		{30EEA66F-CBD7-4C57-96EC-4EAB5F72E58D}.Release|x86.Build.0 = Release|x86
	EndGlobalSection
	GlobalSection(SolutionProperties) = preSolution
		HideSolutionNode = FALSE
	EndGlobalSection
EndGlobal
